
Microsoft Visual Studio Solution File, Format Version 12.00
# Visual Studio 2013
Project("{FAE04EC0-301F-11D3-BF4B-00C04F79EFBC}") = "Audio Tests.CSharp", "Audio Tests.CSharp.csproj", "{0273446F-F663-2F13-71C0-14CAC4D7638D}"
EndProject
Project("{FAE04EC0-301F-11D3-BF4B-00C04F79EFBC}") = "Audio Tests.CSharp.Editor", "Audio Tests.CSharp.Editor.csproj", "{9F4F2F85-326D-A028-5FF8-851522886B68}"
EndProject
Global
	GlobalSection(SolutionConfigurationPlatforms) = preSolution
		Debug|Any CPU = Debug|Any CPU
		Release|Any CPU = Release|Any CPU
	EndGlobalSection
	GlobalSection(ProjectConfigurationPlatforms) = postSolution
		{0273446F-F663-2F13-71C0-14CAC4D7638D}.Debug|Any CPU.ActiveCfg = Debug|Any CPU
		{0273446F-F663-2F13-71C0-14CAC4D7638D}.Debug|Any CPU.Build.0 = Debug|Any CPU
		{0273446F-F663-2F13-71C0-14CAC4D7638D}.Release|Any CPU.ActiveCfg = Release|Any CPU
		{0273446F-F663-2F13-71C0-14CAC4D7638D}.Release|Any CPU.Build.0 = Release|Any CPU
		{9F4F2F85-326D-A028-5FF8-851522886B68}.Debug|Any CPU.ActiveCfg = Debug|Any CPU
		{9F4F2F85-326D-A028-5FF8-851522886B68}.Debug|Any CPU.Build.0 = Debug|Any CPU
		{9F4F2F85-326D-A028-5FF8-851522886B68}.Release|Any CPU.ActiveCfg = Release|Any CPU
		{9F4F2F85-326D-A028-5FF8-851522886B68}.Release|Any CPU.Build.0 = Release|Any CPU
	EndGlobalSection
	GlobalSection(SolutionProperties) = preSolution
		HideSolutionNode = FALSE
	EndGlobalSection
EndGlobal
